PODS:
  - Flutter (1.0.0)
  - moon_phase (0.0.1):
    - Flutter

DEPENDENCIES:
  - Flutter (from `Flutter`)
  - moon_phase (from `.symlinks/plugins/moon_phase/ios`)

EXTERNAL SOURCES:
  Flutter:
    :path: Flutter
  moon_phase:
    :path: ".symlinks/plugins/moon_phase/ios"

SPEC CHECKSUMS:
  Flutter: e0871f40cf51350855a761d2e70bf5af5b9b5de7
  moon_phase: 2ef46b04c1865bd5c67d6f1337af8e49ca587ea5

PODFILE CHECKSUM: 4305caec6b40dde0ae97be1573c53de1882a07e5

COCOAPODS: 1.16.2
